
Microsoft Visual Studio Solution File, Format Version 12.00
# Visual Studio 2012
Project("{FAE04EC0-301F-11D3-BF4B-00C04F79EFBC}") = "SimpleConfig", "SimpleConfig\SimpleConfig.csproj", "{967BC2E5-43F4-481B-BAEF-E961E3F3834F}"
EndProject
Project("{FAE04EC0-301F-11D3-BF4B-00C04F79EFBC}") = "Tests", "Tests\Tests.csproj", "{4EA518E4-90BF-45E0-9F02-3203F5B41A56}"
EndProject
Global
	GlobalSection(SolutionConfigurationPlatforms) = preSolution
		Debug|Any CPU = Debug|Any CPU
		Release|Any CPU = Release|Any CPU
	EndGlobalSection
	GlobalSection(ProjectConfigurationPlatforms) = postSolution
		{967BC2E5-43F4-481B-BAEF-E961E3F3834F}.Debug|Any CPU.ActiveCfg = Debug|Any CPU
		{967BC2E5-43F4-481B-BAEF-E961E3F3834F}.Debug|Any CPU.Build.0 = Debug|Any CPU
		{967BC2E5-43F4-481B-BAEF-E961E3F3834F}.Release|Any CPU.ActiveCfg = Release|Any CPU
		{967BC2E5-43F4-481B-BAEF-E961E3F3834F}.Release|Any CPU.Build.0 = Release|Any CPU
		{4EA518E4-90BF-45E0-9F02-3203F5B41A56}.Debug|Any CPU.ActiveCfg = Debug|Any CPU
		{4EA518E4-90BF-45E0-9F02-3203F5B41A56}.Debug|Any CPU.Build.0 = Debug|Any CPU
		{4EA518E4-90BF-45E0-9F02-3203F5B41A56}.Release|Any CPU.ActiveCfg = Release|Any CPU
		{4EA518E4-90BF-45E0-9F02-3203F5B41A56}.Release|Any CPU.Build.0 = Release|Any CPU
	EndGlobalSection
	GlobalSection(SolutionProperties) = preSolution
		HideSolutionNode = FALSE
	EndGlobalSection
EndGlobal
